
Microsoft Visual Studio Solution File, Format Version 12.00
# Visual Studio Version 17
VisualStudioVersion = 17.8.34330.188
MinimumVisualStudioVersion = 10.0.40219.1
Project("{FAE04EC0-301F-11D3-BF4B-00C04F79EFBC}") = "webmvc", "webmvc\webmvc.csproj", "{021B614C-7B3B-472A-A445-9A1AEBBA2E8E}"
EndProject
Global
	GlobalSection(SolutionConfigurationPlatforms) = preSolution
		Debug|Any CPU = Debug|Any CPU
		Release|Any CPU = Release|Any CPU
	EndGlobalSection
	GlobalSection(ProjectConfigurationPlatforms) = postSolution
		{021B614C-7B3B-472A-A445-9A1AEBBA2E8E}.Debug|Any CPU.ActiveCfg = Debug|Any CPU
		{021B614C-7B3B-472A-A445-9A1AEBBA2E8E}.Debug|Any CPU.Build.0 = Debug|Any CPU
		{021B614C-7B3B-472A-A445-9A1AEBBA2E8E}.Release|Any CPU.ActiveCfg = Release|Any CPU
		{021B614C-7B3B-472A-A445-9A1AEBBA2E8E}.Release|Any CPU.Build.0 = Release|Any CPU
	EndGlobalSection
	GlobalSection(SolutionProperties) = preSolution
		HideSolutionNode = FALSE
	EndGlobalSection
	GlobalSection(ExtensibilityGlobals) = postSolution
		SolutionGuid = {D33664AB-9654-4793-8877-E52645100190}
	EndGlobalSection
EndGlobal
